<?xml version="1.0" encoding="utf-8"?>
<Project ToolsVersion="4.0" xmlns="http://schemas.microsoft.com/developer/msbuild/2003">
  <ItemGroup>
    <Filter Include="Source Files">
      <UniqueIdentifier>{f6e4ca77-2c0b-414e-93b9-1535bcad994b}</UniqueIdentifier>
      <Extensions>cpp;c;cxx;rc;def;r;odl;idl;hpj;bat</Extensions>
    </Filter>
    <Filter Include="Source Files\libBulletML src">
      <UniqueIdentifier>{a7d23c6d-3c5b-4bb2-a0d8-868bb8b798b9}</UniqueIdentifier>
    </Filter>
    <Filter Include="Source Files\TinyXML src">
      <UniqueIdentifier>{7b624b72-e019-4d88-a5a8-eb0329b727ce}</UniqueIdentifier>
    </Filter>
    <Filter Include="Source Files\ygg src">
      <UniqueIdentifier>{373cad3f-0f3b-48cf-b307-ebc752a5bb3b}</UniqueIdentifier>
    </Filter>
    <Filter Include="Header Files">
      <UniqueIdentifier>{ab2bd1d0-3b27-4105-97d6-154ac8b88887}</UniqueIdentifier>
      <Extensions>h;hpp;hxx;hm;inl</Extensions>
    </Filter>
    <Filter Include="Header Files\libBulletML header">
      <UniqueIdentifier>{b85ec7ab-4fd8-4d5e-9665-f915933bbfff}</UniqueIdentifier>
    </Filter>
    <Filter Include="Header Files\TinyXML header">
      <UniqueIdentifier>{cde07a25-0234-4a2a-b44a-74961d7ce94a}</UniqueIdentifier>
    </Filter>
    <Filter Include="Header Files\ygg header">
      <UniqueIdentifier>{a24414d0-6838-45fb-9a0a-d510a9c53ac8}</UniqueIdentifier>
    </Filter>
    <Filter Include="Resource Files">
      <UniqueIdentifier>{d73b881c-03b0-429a-88b7-6c3e22ca5acb}</UniqueIdentifier>
      <Extensions>ico;cur;bmp;dlg;rc2;rct;bin;rgs;gif;jpg;jpeg;jpe</Extensions>
    </Filter>
  </ItemGroup>
  <ItemGroup>
    <ClCompile Include="..\StdAfx.cpp">
      <Filter>Source Files</Filter>
    </ClCompile>
    <ClCompile Include="..\bulletml.cpp">
      <Filter>Source Files</Filter>
    </ClCompile>
    <ClCompile Include="..\src\bulletmlparser-tinyxml.cpp">
      <Filter>Source Files</Filter>
    </ClCompile>
    <ClCompile Include="..\src\bulletmlparser-xerces.cpp">
      <Filter>Source Files</Filter>
    </ClCompile>
    <ClCompile Include="..\src\bulletmlparser-ygg.cpp">
      <Filter>Source Files</Filter>
    </ClCompile>
    <ClCompile Include="..\src\bulletmlparser.cpp">
      <Filter>Source Files</Filter>
    </ClCompile>
    <ClCompile Include="..\src\bulletmlrunner.cpp">
      <Filter>Source Files</Filter>
    </ClCompile>
    <ClCompile Include="..\src\bulletmlrunnerimpl.cpp">
      <Filter>Source Files</Filter>
    </ClCompile>
    <ClCompile Include="..\src\bulletmltree.cpp">
      <Filter>Source Files</Filter>
    </ClCompile>
    <ClCompile Include="..\src\calc.cpp">
      <Filter>Source Files</Filter>
    </ClCompile>
    <ClCompile Include="..\src\formula-variables.cpp">
      <Filter>Source Files</Filter>
    </ClCompile>
    <ClCompile Include="..\src\tinyxml\tinyxml.cpp">
      <Filter>Source Files\TinyXML src</Filter>
    </ClCompile>
    <ClCompile Include="..\src\tinyxml\tinyxmlparser.cpp">
      <Filter>Source Files\TinyXML src</Filter>
    </ClCompile>
    <ClCompile Include="..\src\tinyxml\tinyxmlerror.cpp">
      <Filter>Source Files\TinyXML src</Filter>
    </ClCompile>
    <ClCompile Include="..\src\ygg\ygg.cpp">
      <Filter>Source Files\ygg src</Filter>
    </ClCompile>
    <ClCompile Include="..\src\tinyxml\tinystr.cpp">
      <Filter>Source Files\TinyXML src</Filter>
    </ClCompile>
  </ItemGroup>
  <ItemGroup>
    <ClInclude Include="..\StdAfx.h">
      <Filter>Header Files</Filter>
    </ClInclude>
    <ClInclude Include="..\src\auto_ptr_fix.h">
      <Filter>Header Files</Filter>
    </ClInclude>
    <ClInclude Include="..\bulletml.h">
      <Filter>Header Files</Filter>
    </ClInclude>
    <ClInclude Include="..\src\bulletmlcommon.h">
      <Filter>Header Files</Filter>
    </ClInclude>
    <ClInclude Include="..\src\bulletmlerror.h">
      <Filter>Header Files</Filter>
    </ClInclude>
    <ClInclude Include="..\src\bulletmlparser-tinyxml.h">
      <Filter>Header Files</Filter>
    </ClInclude>
    <ClInclude Include="..\src\bulletmlparser-xerces.h">
      <Filter>Header Files</Filter>
    </ClInclude>
    <ClInclude Include="..\src\bulletmlparser-ygg.h">
      <Filter>Header Files</Filter>
    </ClInclude>
    <ClInclude Include="..\src\bulletmlparser.h">
      <Filter>Header Files</Filter>
    </ClInclude>
    <ClInclude Include="..\src\bulletmlrunner.h">
      <Filter>Header Files</Filter>
    </ClInclude>
    <ClInclude Include="..\src\bulletmlrunnerimpl.h">
      <Filter>Header Files</Filter>
    </ClInclude>
    <ClInclude Include="..\src\bulletmltree.h">
      <Filter>Header Files</Filter>
    </ClInclude>
    <ClInclude Include="..\src\calc.h">
      <Filter>Header Files</Filter>
    </ClInclude>
    <ClInclude Include="..\src\formula-variables.h">
      <Filter>Header Files</Filter>
    </ClInclude>
    <ClInclude Include="..\src\formula.h">
      <Filter>Header Files</Filter>
    </ClInclude>
    <ClInclude Include="..\src\tree.h">
      <Filter>Header Files</Filter>
    </ClInclude>
    <ClInclude Include="..\src\ygg\ygg.h">
      <Filter>Header Files</Filter>
    </ClInclude>
    <ClInclude Include="..\src\tinyxml\tinyxml.h">
      <Filter>Header Files\TinyXML header</Filter>
    </ClInclude>
    <ClInclude Include="..\src\tinyxml\tinystr.h">
      <Filter>Header Files\TinyXML header</Filter>
    </ClInclude>
  </ItemGroup>
  <ItemGroup>
    <None Include="ReadMe.txt" />
  </ItemGroup>
</Project>