<?xml version="1.0" encoding="utf-8"?>
<Project ToolsVersion="4.0" xmlns="http://schemas.microsoft.com/developer/msbuild/2003">
  <ItemGroup>
    <Filter Include="Source Files">
      <UniqueIdentifier>{6c05ecda-5e9f-411f-aca9-22191c9d2563}</UniqueIdentifier>
      <Extensions>cpp;c;cxx;rc;def;r;odl;idl;hpj;bat</Extensions>
    </Filter>
    <Filter Include="Source Files\TinyXML src">
      <UniqueIdentifier>{2c0c8cc5-5e1d-4627-8a84-c2a010e76e29}</UniqueIdentifier>
    </Filter>
    <Filter Include="Source Files\ygg src">
      <UniqueIdentifier>{ae57fe27-ffb6-488d-906f-f6b8ea93efd1}</UniqueIdentifier>
    </Filter>
    <Filter Include="Header Files">
      <UniqueIdentifier>{9bf76873-ba2d-4b55-b6ed-a8d12fe9b9fd}</UniqueIdentifier>
      <Extensions>h;hpp;hxx;hm;inl</Extensions>
    </Filter>
    <Filter Include="Header Files\TinyXML header">
      <UniqueIdentifier>{666b674c-372c-494e-b5cf-d8fca16da33b}</UniqueIdentifier>
    </Filter>
    <Filter Include="Header Files\ygg header">
      <UniqueIdentifier>{5a0aab9e-1349-4ed7-b0db-cfc47ecf9ac9}</UniqueIdentifier>
    </Filter>
  </ItemGroup>
  <ItemGroup>
    <ClCompile Include="..\src\bulletmlparser-tinyxml.cpp">
      <Filter>Source Files</Filter>
    </ClCompile>
    <ClCompile Include="..\src\bulletmlparser-xerces.cpp">
      <Filter>Source Files</Filter>
    </ClCompile>
    <ClCompile Include="..\src\bulletmlparser-ygg.cpp">
      <Filter>Source Files</Filter>
    </ClCompile>
    <ClCompile Include="..\src\bulletmlparser.cpp">
      <Filter>Source Files</Filter>
    </ClCompile>
    <ClCompile Include="..\src\bulletmlrunner.cpp">
      <Filter>Source Files</Filter>
    </ClCompile>
    <ClCompile Include="..\src\bulletmlrunnerimpl.cpp">
      <Filter>Source Files</Filter>
    </ClCompile>
    <ClCompile Include="..\src\bulletmltree.cpp">
      <Filter>Source Files</Filter>
    </ClCompile>
    <ClCompile Include="..\src\calc.cpp">
      <Filter>Source Files</Filter>
    </ClCompile>
    <ClCompile Include="..\src\formula-variables.cpp">
      <Filter>Source Files</Filter>
    </ClCompile>
    <ClCompile Include="..\src\ygg\ygg.cpp">
      <Filter>Source Files\ygg src</Filter>
    </ClCompile>
    <ClCompile Include="..\src\tinyxml\tinyxmlparser.cpp">
      <Filter>Source Files\TinyXML src</Filter>
    </ClCompile>
    <ClCompile Include="..\src\tinyxml\tinyxml.cpp">
      <Filter>Source Files\TinyXML src</Filter>
    </ClCompile>
    <ClCompile Include="..\src\tinyxml\tinyxmlerror.cpp">
      <Filter>Source Files\TinyXML src</Filter>
    </ClCompile>
    <ClCompile Include="..\src\tinyxml\tinystr.cpp">
      <Filter>Source Files\TinyXML src</Filter>
    </ClCompile>
  </ItemGroup>
  <ItemGroup>
    <ClInclude Include="..\src\auto_ptr_fix.h">
      <Filter>Header Files</Filter>
    </ClInclude>
    <ClInclude Include="..\src\bulletmlcommon.h">
      <Filter>Header Files</Filter>
    </ClInclude>
    <ClInclude Include="..\src\bulletmlerror.h">
      <Filter>Header Files</Filter>
    </ClInclude>
    <ClInclude Include="..\src\bulletmlparser-tinyxml.h">
      <Filter>Header Files</Filter>
    </ClInclude>
    <ClInclude Include="..\src\bulletmlparser-xerces.h">
      <Filter>Header Files</Filter>
    </ClInclude>
    <ClInclude Include="..\src\bulletmlparser-ygg.h">
      <Filter>Header Files</Filter>
    </ClInclude>
    <ClInclude Include="..\src\bulletmlparser.h">
      <Filter>Header Files</Filter>
    </ClInclude>
    <ClInclude Include="..\src\bulletmlrunner.h">
      <Filter>Header Files</Filter>
    </ClInclude>
    <ClInclude Include="..\src\bulletmlrunnerimpl.h">
      <Filter>Header Files</Filter>
    </ClInclude>
    <ClInclude Include="..\src\bulletmltree.h">
      <Filter>Header Files</Filter>
    </ClInclude>
    <ClInclude Include="..\src\calc.h">
      <Filter>Header Files</Filter>
    </ClInclude>
    <ClInclude Include="..\src\formula-variables.h">
      <Filter>Header Files</Filter>
    </ClInclude>
    <ClInclude Include="..\src\formula.h">
      <Filter>Header Files</Filter>
    </ClInclude>
    <ClInclude Include="..\src\tree.h">
      <Filter>Header Files</Filter>
    </ClInclude>
    <ClInclude Include="..\src\ygg\ygg.h">
      <Filter>Header Files\ygg header</Filter>
    </ClInclude>
    <ClInclude Include="..\src\tinyxml\tinyxml.h">
      <Filter>Header Files\TinyXML header</Filter>
    </ClInclude>
    <ClInclude Include="..\src\tinyxml\tinystr.h">
      <Filter>Header Files\TinyXML header</Filter>
    </ClInclude>
  </ItemGroup>
</Project>